
Microsoft Visual Studio Solution File, Format Version 12.00
# Visual Studio 2013
VisualStudioVersion = 12.0.30501.0
MinimumVisualStudioVersion = 10.0.40219.1
Project("{FAE04EC0-301F-11D3-BF4B-00C04F79EFBC}") = "Www", "WebPages\Www.csproj", "{07407116-3047-476A-9DB4-B9BE5ED426FD}"
	ProjectSection(ProjectDependencies) = postProject
		{D0DD8B2E-E3D1-40B9-B8EB-615412BBF875} = {D0DD8B2E-E3D1-40B9-B8EB-615412BBF875}
		{516AA033-AE46-4DA3-92BC-232F50782664} = {516AA033-AE46-4DA3-92BC-232F50782664}
	EndProjectSection
EndProject
Project("{FAE04EC0-301F-11D3-BF4B-00C04F79EFBC}") = "AzureQueue", "AzureQueue\AzureQueue.csproj", "{9D407A5D-AD75-4178-BDD0-D3CA71EF9B3F}"
EndProject
Project("{FAE04EC0-301F-11D3-BF4B-00C04F79EFBC}") = "AzureTableStorage", "AzureTableStorage\AzureTableStorage.csproj", "{C2B5BDFC-F955-419E-AB19-73171998884E}"
	ProjectSection(ProjectDependencies) = postProject
		{9D407A5D-AD75-4178-BDD0-D3CA71EF9B3F} = {9D407A5D-AD75-4178-BDD0-D3CA71EF9B3F}
	EndProjectSection
EndProject
Project("{FAE04EC0-301F-11D3-BF4B-00C04F79EFBC}") = "MultiThreadedWorkerRole", "MultiThreadedWorkerRole\MultiThreadedWorkerRole.csproj", "{D0DD8B2E-E3D1-40B9-B8EB-615412BBF875}"
	ProjectSection(ProjectDependencies) = postProject
		{855A7182-E793-414C-9CCC-F4B98858BD67} = {855A7182-E793-414C-9CCC-F4B98858BD67}
	EndProjectSection
EndProject
Project("{FAE04EC0-301F-11D3-BF4B-00C04F79EFBC}") = "ThreadedWorkerRoleLib", "ThreadedWorkerRoleLib\ThreadedWorkerRoleLib.csproj", "{516AA033-AE46-4DA3-92BC-232F50782664}"
EndProject
Project("{FAE04EC0-301F-11D3-BF4B-00C04F79EFBC}") = "CrossCuttingConcerns", "CrossCuttingConcerns\CrossCuttingConcerns.csproj", "{855A7182-E793-414C-9CCC-F4B98858BD67}"
	ProjectSection(ProjectDependencies) = postProject
		{C2B5BDFC-F955-419E-AB19-73171998884E} = {C2B5BDFC-F955-419E-AB19-73171998884E}
	EndProjectSection
EndProject
Project("{CC5FD16D-436D-48AD-A40C-5A424C6E3E79}") = "CloudService", "CloudService\CloudService.ccproj", "{8D9D5FBF-AF81-4B17-BBB2-9CF18F4318DC}"
EndProject
Project("{FAE04EC0-301F-11D3-BF4B-00C04F79EFBC}") = "DataAccessLib", "DataAccessLib\DataAccessLib.csproj", "{9F7FADCD-5C22-41EA-8F7A-974A3CF26673}"
EndProject
Project("{FAE04EC0-301F-11D3-BF4B-00C04F79EFBC}") = "BusinessLogicLib", "BusinessLogicLib\BusinessLogicLib.csproj", "{ECA5F9B7-988F-46B9-AB00-51BF3D540573}"
EndProject
Global
	GlobalSection(SolutionConfigurationPlatforms) = preSolution
		Debug|Any CPU = Debug|Any CPU
		Release|Any CPU = Release|Any CPU
	EndGlobalSection
	GlobalSection(ProjectConfigurationPlatforms) = postSolution
		{07407116-3047-476A-9DB4-B9BE5ED426FD}.Debug|Any CPU.ActiveCfg = Debug|Any CPU
		{07407116-3047-476A-9DB4-B9BE5ED426FD}.Debug|Any CPU.Build.0 = Debug|Any CPU
		{07407116-3047-476A-9DB4-B9BE5ED426FD}.Release|Any CPU.ActiveCfg = Release|Any CPU
		{07407116-3047-476A-9DB4-B9BE5ED426FD}.Release|Any CPU.Build.0 = Release|Any CPU
		{9D407A5D-AD75-4178-BDD0-D3CA71EF9B3F}.Debug|Any CPU.ActiveCfg = Debug|Any CPU
		{9D407A5D-AD75-4178-BDD0-D3CA71EF9B3F}.Debug|Any CPU.Build.0 = Debug|Any CPU
		{9D407A5D-AD75-4178-BDD0-D3CA71EF9B3F}.Release|Any CPU.ActiveCfg = Release|Any CPU
		{9D407A5D-AD75-4178-BDD0-D3CA71EF9B3F}.Release|Any CPU.Build.0 = Release|Any CPU
		{C2B5BDFC-F955-419E-AB19-73171998884E}.Debug|Any CPU.ActiveCfg = Debug|Any CPU
		{C2B5BDFC-F955-419E-AB19-73171998884E}.Debug|Any CPU.Build.0 = Debug|Any CPU
		{C2B5BDFC-F955-419E-AB19-73171998884E}.Release|Any CPU.ActiveCfg = Release|Any CPU
		{C2B5BDFC-F955-419E-AB19-73171998884E}.Release|Any CPU.Build.0 = Release|Any CPU
		{D0DD8B2E-E3D1-40B9-B8EB-615412BBF875}.Debug|Any CPU.ActiveCfg = Debug|Any CPU
		{D0DD8B2E-E3D1-40B9-B8EB-615412BBF875}.Debug|Any CPU.Build.0 = Debug|Any CPU
		{D0DD8B2E-E3D1-40B9-B8EB-615412BBF875}.Release|Any CPU.ActiveCfg = Release|Any CPU
		{D0DD8B2E-E3D1-40B9-B8EB-615412BBF875}.Release|Any CPU.Build.0 = Release|Any CPU
		{516AA033-AE46-4DA3-92BC-232F50782664}.Debug|Any CPU.ActiveCfg = Debug|Any CPU
		{516AA033-AE46-4DA3-92BC-232F50782664}.Debug|Any CPU.Build.0 = Debug|Any CPU
		{516AA033-AE46-4DA3-92BC-232F50782664}.Release|Any CPU.ActiveCfg = Release|Any CPU
		{516AA033-AE46-4DA3-92BC-232F50782664}.Release|Any CPU.Build.0 = Release|Any CPU
		{855A7182-E793-414C-9CCC-F4B98858BD67}.Debug|Any CPU.ActiveCfg = Debug|Any CPU
		{855A7182-E793-414C-9CCC-F4B98858BD67}.Debug|Any CPU.Build.0 = Debug|Any CPU
		{855A7182-E793-414C-9CCC-F4B98858BD67}.Release|Any CPU.ActiveCfg = Release|Any CPU
		{855A7182-E793-414C-9CCC-F4B98858BD67}.Release|Any CPU.Build.0 = Release|Any CPU
		{8D9D5FBF-AF81-4B17-BBB2-9CF18F4318DC}.Debug|Any CPU.ActiveCfg = Debug|Any CPU
		{8D9D5FBF-AF81-4B17-BBB2-9CF18F4318DC}.Debug|Any CPU.Build.0 = Debug|Any CPU
		{8D9D5FBF-AF81-4B17-BBB2-9CF18F4318DC}.Release|Any CPU.ActiveCfg = Release|Any CPU
		{8D9D5FBF-AF81-4B17-BBB2-9CF18F4318DC}.Release|Any CPU.Build.0 = Release|Any CPU
		{9F7FADCD-5C22-41EA-8F7A-974A3CF26673}.Debug|Any CPU.ActiveCfg = Debug|Any CPU
		{9F7FADCD-5C22-41EA-8F7A-974A3CF26673}.Debug|Any CPU.Build.0 = Debug|Any CPU
		{9F7FADCD-5C22-41EA-8F7A-974A3CF26673}.Release|Any CPU.ActiveCfg = Release|Any CPU
		{9F7FADCD-5C22-41EA-8F7A-974A3CF26673}.Release|Any CPU.Build.0 = Release|Any CPU
		{ECA5F9B7-988F-46B9-AB00-51BF3D540573}.Debug|Any CPU.ActiveCfg = Debug|Any CPU
		{ECA5F9B7-988F-46B9-AB00-51BF3D540573}.Debug|Any CPU.Build.0 = Debug|Any CPU
		{ECA5F9B7-988F-46B9-AB00-51BF3D540573}.Release|Any CPU.ActiveCfg = Release|Any CPU
		{ECA5F9B7-988F-46B9-AB00-51BF3D540573}.Release|Any CPU.Build.0 = Release|Any CPU
	EndGlobalSection
	GlobalSection(SolutionProperties) = preSolution
		HideSolutionNode = FALSE
	EndGlobalSection
	GlobalSection(SubversionScc) = preSolution
		Svn-Managed = True
		Manager = AnkhSVN - Subversion Support for Visual Studio
	EndGlobalSection
EndGlobal
